# THIS IS AN AUTOGENERATED FILE. DO NOT EDIT THIS FILE DIRECTLY.
# yarn lockfile v1


"@iden3/bigarray@0.0.2":
  "integrity" "sha512-Xzdyxqm1bOFF6pdIsiHLLl3HkSLjbhqJHVyqaTxXt3RqXBEnmsUmEW47H7VOi/ak7TdkRpNkxjyK5Zbkm+y52g=="
  "resolved" "https://registry.npmjs.org/@iden3/bigarray/-/bigarray-0.0.2.tgz"
  "version" "0.0.2"

"@iden3/binfileutils@0.0.11":
  "integrity" "sha512-LylnJoZ0CTdgErnKY8OxohvW4K+p6UHD3sxt+3P9AmMyBQjYR4IpoqoYZZ+9aMj89cmCQ21UvdhndAx04er3NA=="
  "resolved" "https://registry.npmjs.org/@iden3/binfileutils/-/binfileutils-0.0.11.tgz"
  "version" "0.0.11"
  dependencies:
    "fastfile" "0.0.20"
    "ffjavascript" "^0.2.48"

"ansi-styles@^4.1.0":
  "integrity" "sha512-zbB9rCJAT1rbjiVDb2hqKFHNYLxgtk8NURxZ3IZwD3F6NtxbXZQCnnSi1Lkx+IDohdPlFp222wVALIheZJQSEg=="
  "resolved" "https://registry.npmjs.org/ansi-styles/-/ansi-styles-4.3.0.tgz"
  "version" "4.3.0"
  dependencies:
    "color-convert" "^2.0.1"

"async@^3.2.3":
  "integrity" "sha512-iAB+JbDEGXhyIUavoDl9WP/Jj106Kz9DEn1DPgYw5ruDn0e3Wgi3sKFm55sASdGBNOQB8F59d9qQ7deqrHA8wQ=="
  "resolved" "https://registry.npmjs.org/async/-/async-3.2.4.tgz"
  "version" "3.2.4"

"b4a@^1.0.1":
  "integrity" "sha512-AsKjNhz72yxteo/0EtQEiwkMUgk/tGmycXlbG4g3Ard2/ULtNLUykGOkeK0egmN27h0xMAhb76jYccW+XTBExA=="
  "resolved" "https://registry.npmjs.org/b4a/-/b4a-1.6.1.tgz"
  "version" "1.6.1"

"balanced-match@^1.0.0":
  "integrity" "sha512-3oSeUO0TMV67hN1AmbXsK4yaqU7tjiHlbxRDZOpH0KW9+CeX4bRAaX0Anxt0tx2MrpRpWwQaPwIlISEJhYU5Pw=="
  "resolved" "https://registry.npmjs.org/balanced-match/-/balanced-match-1.0.2.tgz"
  "version" "1.0.2"

"bfj@^7.0.2":
  "integrity" "sha512-+e/UqUzwmzJamNF50tBV6tZPTORow7gQ96iFow+8b562OdMpEK0BcJEq2OSPEDmAbSMBQ7PKZ87ubFkgxpYWgw=="
  "resolved" "https://registry.npmjs.org/bfj/-/bfj-7.0.2.tgz"
  "version" "7.0.2"
  dependencies:
    "bluebird" "^3.5.5"
    "check-types" "^11.1.1"
    "hoopy" "^0.1.4"
    "tryer" "^1.0.1"

"blake2b-wasm@^2.4.0":
  "integrity" "sha512-S1kwmW2ZhZFFFOghcx73+ZajEfKBqhP82JMssxtLVMxlaPea1p9uoLiUZ5WYyHn0KddwbLc+0vh4wR0KBNoT5w=="
  "resolved" "https://registry.npmjs.org/blake2b-wasm/-/blake2b-wasm-2.4.0.tgz"
  "version" "2.4.0"
  dependencies:
    "b4a" "^1.0.1"
    "nanoassert" "^2.0.0"

"bluebird@^3.5.5":
  "integrity" "sha512-XpNj6GDQzdfW+r2Wnn7xiSAd7TM3jzkxGXBGTtWKuSXv1xUV+azxAm8jdWZN06QTQk+2N2XB9jRDkvbmQmcRtg=="
  "resolved" "https://registry.npmjs.org/bluebird/-/bluebird-3.7.2.tgz"
  "version" "3.7.2"

"brace-expansion@^1.1.7":
  "integrity" "sha512-iCuPHDFgrHX7H2vEI/5xpz07zSHB00TpugqhmYtVmMO6518mCuRMoOYFldEBl0g187ufozdaHgWKcYFb61qGiA=="
  "resolved" "https://registry.npmjs.org/brace-expansion/-/brace-expansion-1.1.11.tgz"
  "version" "1.1.11"
  dependencies:
    "balanced-match" "^1.0.0"
    "concat-map" "0.0.1"

"brace-expansion@^2.0.1":
  "integrity" "sha512-XnAIvQ8eM+kC6aULx6wuQiwVsnzsi9d3WxzV3FpWTGA19F621kwdbsAcFKXgKUHZWsy+mY6iL1sHTxWEFCytDA=="
  "resolved" "https://registry.npmjs.org/brace-expansion/-/brace-expansion-2.0.1.tgz"
  "version" "2.0.1"
  dependencies:
    "balanced-match" "^1.0.0"

"chalk@^4.0.2":
  "integrity" "sha512-oKnbhFyRIXpUuez8iBMmyEa4nbj4IOQyuhc/wy9kY7/WVPcwIO9VA668Pu8RkO7+0G76SLROeyw9CpQ061i4mA=="
  "resolved" "https://registry.npmjs.org/chalk/-/chalk-4.1.2.tgz"
  "version" "4.1.2"
  dependencies:
    "ansi-styles" "^4.1.0"
    "supports-color" "^7.1.0"

"check-types@^11.1.1":
  "integrity" "sha512-HBiYvXvn9Z70Z88XKjz3AEKd4HJhBXsa3j7xFnITAzoS8+q6eIGi8qDB8FKPBAjtuxjI/zFpwuiCb8oDtKOYrA=="
  "resolved" "https://registry.npmjs.org/check-types/-/check-types-11.2.2.tgz"
  "version" "11.2.2"

"circom_runtime@0.1.22":
  "integrity" "sha512-V/XYZWBhbZY8SotkaGH4FbiDYAZ8a1Md++MBiKPDOuWS/NIJB+Q+XIiTC8zKMgoDaa9cd2OiTvsC9J6te7twNg=="
  "resolved" "https://registry.npmjs.org/circom_runtime/-/circom_runtime-0.1.22.tgz"
  "version" "0.1.22"
  dependencies:
    "ffjavascript" "0.2.57"

"circomlib-ml-vesta@^1.4.4":
  "integrity" "sha512-ikixZtzoCyePyzFeLyaw8Rk8MAPU9n5i6sTLmm04FL4/zW51iJwb0qq9sHbtomPdTpn+K03AS9UI8UJ+y6VC4A=="
  "resolved" "https://registry.npmjs.org/circomlib-ml-vesta/-/circomlib-ml-vesta-1.4.4.tgz"
  "version" "1.4.4"

"color-convert@^2.0.1":
  "integrity" "sha512-RRECPsj7iu/xb5oKYcsFHSppFNnsj/52OVTRKb4zP5onXwVF3zVmmToNcOfGC+CRDpfK/U584fMg38ZHCaElKQ=="
  "resolved" "https://registry.npmjs.org/color-convert/-/color-convert-2.0.1.tgz"
  "version" "2.0.1"
  dependencies:
    "color-name" "~1.1.4"

"color-name@~1.1.4":
  "integrity" "sha512-dOy+3AuW3a2wNbZHIuMZpTcgjGuLU/uBL/ubcZF9OXbDo8ff4O8yVp5Bf0efS8uEoYo5q4Fx7dY9OgQGXgAsQA=="
  "resolved" "https://registry.npmjs.org/color-name/-/color-name-1.1.4.tgz"
  "version" "1.1.4"

"concat-map@0.0.1":
  "integrity" "sha512-/Srv4dswyQNBfohGpz9o6Yb3Gz3SrUDqBH5rTuhGR7ahtlbYKnVxw2bCFMRljaA7EXHaXZ8wsHdodFvbkhKmqg=="
  "resolved" "https://registry.npmjs.org/concat-map/-/concat-map-0.0.1.tgz"
  "version" "0.0.1"

"ejs@^3.1.6":
  "integrity" "sha512-/sXZeMlhS0ArkfX2Aw780gJzXSMPnKjtspYZv+f3NiKLlubezAHDU5+9xz6gd3/NhG3txQCo6xlglmTS+oTGEQ=="
  "resolved" "https://registry.npmjs.org/ejs/-/ejs-3.1.8.tgz"
  "version" "3.1.8"
  dependencies:
    "jake" "^10.8.5"

"fastfile@0.0.20":
  "integrity" "sha512-r5ZDbgImvVWCP0lA/cGNgQcZqR+aYdFx3u+CtJqUE510pBUVGMn4ulL/iRTI4tACTYsNJ736uzFxEBXesPAktA=="
  "resolved" "https://registry.npmjs.org/fastfile/-/fastfile-0.0.20.tgz"
  "version" "0.0.20"

"ffjavascript@^0.2.48", "ffjavascript@0.2.57":
  "integrity" "sha512-V+vxZ/zPNcthrWmqfe/1YGgqdkTamJeXiED0tsk7B84g40DKlrTdx47IqZuiygqAVG6zMw4qYuvXftIJWsmfKQ=="
  "resolved" "https://registry.npmjs.org/ffjavascript/-/ffjavascript-0.2.57.tgz"
  "version" "0.2.57"
  dependencies:
    "wasmbuilder" "0.0.16"
    "wasmcurves" "0.2.0"
    "web-worker" "^1.2.0"

"filelist@^1.0.1":
  "integrity" "sha512-w1cEuf3S+DrLCQL7ET6kz+gmlJdbq9J7yXCSjK/OZCPA+qEN1WyF4ZAf0YYJa4/shHJra2t/d/r8SV4Ji+x+8Q=="
  "resolved" "https://registry.npmjs.org/filelist/-/filelist-1.0.4.tgz"
  "version" "1.0.4"
  dependencies:
    "minimatch" "^5.0.1"

"has-flag@^4.0.0":
  "integrity" "sha512-EykJT/Q1KjTWctppgIAgfSO0tKVuZUjhgMr17kqTumMl6Afv3EISleU7qZUzoXDFTAHTDC4NOoG/ZxU3EvlMPQ=="
  "resolved" "https://registry.npmjs.org/has-flag/-/has-flag-4.0.0.tgz"
  "version" "4.0.0"

"hoopy@^0.1.4":
  "integrity" "sha512-HRcs+2mr52W0K+x8RzcLzuPPmVIKMSv97RGHy0Ea9y/mpcaK+xTrjICA04KAHi4GRzxliNqNJEFYWHghy3rSfQ=="
  "resolved" "https://registry.npmjs.org/hoopy/-/hoopy-0.1.4.tgz"
  "version" "0.1.4"

"jake@^10.8.5":
  "integrity" "sha512-sVpxYeuAhWt0OTWITwT98oyV0GsXyMlXCF+3L1SuafBVUIr/uILGRB+NqwkzhgXKvoJpDIpQvqkUALgdmQsQxw=="
  "resolved" "https://registry.npmjs.org/jake/-/jake-10.8.5.tgz"
  "version" "10.8.5"
  dependencies:
    "async" "^3.2.3"
    "chalk" "^4.0.2"
    "filelist" "^1.0.1"
    "minimatch" "^3.0.4"

"js-sha3@^0.8.0":
  "integrity" "sha512-gF1cRrHhIzNfToc802P800N8PpXS+evLLXfsVpowqmAFR9uwbi89WvXg2QspOmXL8QL86J4T1EpFu+yUkwJY3Q=="
  "resolved" "https://registry.npmjs.org/js-sha3/-/js-sha3-0.8.0.tgz"
  "version" "0.8.0"

"logplease@^1.2.15":
  "integrity" "sha512-jLlHnlsPSJjpwUfcNyUxXCl33AYg2cHhIf9QhGL2T4iPT0XPB+xP1LRKFPgIg1M/sg9kAJvy94w9CzBNrfnstA=="
  "resolved" "https://registry.npmjs.org/logplease/-/logplease-1.2.15.tgz"
  "version" "1.2.15"

"minimatch@^3.0.4":
  "integrity" "sha512-J7p63hRiAjw1NDEww1W7i37+ByIrOWO5XQQAzZ3VOcL0PNybwpfmV/N05zFAzwQ9USyEcX6t3UO+K5aqBQOIHw=="
  "resolved" "https://registry.npmjs.org/minimatch/-/minimatch-3.1.2.tgz"
  "version" "3.1.2"
  dependencies:
    "brace-expansion" "^1.1.7"

"minimatch@^5.0.1":
  "integrity" "sha512-lKwV/1brpG6mBUFHtb7NUmtABCb2WZZmm2wNiOA5hAb8VdCS4B3dtMWyvcoViccwAW/COERjXLt0zP1zXUN26g=="
  "resolved" "https://registry.npmjs.org/minimatch/-/minimatch-5.1.6.tgz"
  "version" "5.1.6"
  dependencies:
    "brace-expansion" "^2.0.1"

"nanoassert@^2.0.0":
  "integrity" "sha512-7vO7n28+aYO4J+8w96AzhmU8G+Y/xpPDJz/se19ICsqj/momRbb9mh9ZUtkoJ5X3nTnPdhEJyc0qnM6yAsHBaA=="
  "resolved" "https://registry.npmjs.org/nanoassert/-/nanoassert-2.0.0.tgz"
  "version" "2.0.0"

"r1csfile@0.0.45":
  "integrity" "sha512-YKIp4D441aZ6OoI9y+bfAyb2j4Cl+OFq/iiX6pPWDrL4ZO968h0dq0w07i65edvrTt7/G43mTnl0qEuLXyp/Yw=="
  "resolved" "https://registry.npmjs.org/r1csfile/-/r1csfile-0.0.45.tgz"
  "version" "0.0.45"
  dependencies:
    "@iden3/bigarray" "0.0.2"
    "@iden3/binfileutils" "0.0.11"
    "fastfile" "0.0.20"
    "ffjavascript" "0.2.57"

"snarkjs@^0.6.1":
  "integrity" "sha512-3YW96PHZ3/EGIZC4BCXKXynqHVqVCSnYTD2ixMagLQ/5QuuKc7TQ1ZZMnactO42OnJg0cIhYC9EexNRYA9rLyg=="
  "resolved" "https://registry.npmjs.org/snarkjs/-/snarkjs-0.6.1.tgz"
  "version" "0.6.1"
  dependencies:
    "@iden3/binfileutils" "0.0.11"
    "bfj" "^7.0.2"
    "blake2b-wasm" "^2.4.0"
    "circom_runtime" "0.1.22"
    "ejs" "^3.1.6"
    "fastfile" "0.0.20"
    "ffjavascript" "0.2.57"
    "js-sha3" "^0.8.0"
    "logplease" "^1.2.15"
    "r1csfile" "0.0.45"

"supports-color@^7.1.0":
  "integrity" "sha512-qpCAvRl9stuOHveKsn7HncJRvv501qIacKzQlO/+Lwxc9+0q2wLyv4Dfvt80/DPn2pqOBsJdDiogXGR9+OvwRw=="
  "resolved" "https://registry.npmjs.org/supports-color/-/supports-color-7.2.0.tgz"
  "version" "7.2.0"
  dependencies:
    "has-flag" "^4.0.0"

"tryer@^1.0.1":
  "integrity" "sha512-c3zayb8/kWWpycWYg87P71E1S1ZL6b6IJxfb5fvsUgsf0S2MVGaDhDXXjDMpdCpfWXqptc+4mXwmiy1ypXqRAA=="
  "resolved" "https://registry.npmjs.org/tryer/-/tryer-1.0.1.tgz"
  "version" "1.0.1"

"wasmbuilder@0.0.16":
  "integrity" "sha512-Qx3lEFqaVvp1cEYW7Bfi+ebRJrOiwz2Ieu7ZG2l7YyeSJIok/reEQCQCuicj/Y32ITIJuGIM9xZQppGx5LrQdA=="
  "resolved" "https://registry.npmjs.org/wasmbuilder/-/wasmbuilder-0.0.16.tgz"
  "version" "0.0.16"

"wasmcurves@0.2.0":
  "integrity" "sha512-3e2rbxdujOwaod657gxgmdhZNn+i1qKdHO3Y/bK+8E7bV8ttV/fu5FO4/WLBACF375cK0QDLOP+65Na63qYuWA=="
  "resolved" "https://registry.npmjs.org/wasmcurves/-/wasmcurves-0.2.0.tgz"
  "version" "0.2.0"
  dependencies:
    "wasmbuilder" "0.0.16"

"web-worker@^1.2.0":
  "integrity" "sha512-PgF341avzqyx60neE9DD+XS26MMNMoUQRz9NOZwW32nPQrF6p77f1htcnjBSEV8BGMKZ16choqUG4hyI0Hx7mA=="
  "resolved" "https://registry.npmjs.org/web-worker/-/web-worker-1.2.0.tgz"
  "version" "1.2.0"
