# THIS IS AN AUTOGENERATED FILE. DO NOT EDIT THIS FILE DIRECTLY.
# yarn lockfile v1


circomlib-ml-vesta@^1.4.4:
  version "1.4.4"
  resolved "https://registry.yarnpkg.com/circomlib-ml-vesta/-/circomlib-ml-vesta-1.4.4.tgz#6bd83f76d07a6d53dbb50e5d70681f62cb9336c1"
  integrity sha512-ikixZtzoCyePyzFeLyaw8Rk8MAPU9n5i6sTLmm04FL4/zW51iJwb0qq9sHbtomPdTpn+K03AS9UI8UJ+y6VC4A==
